
Microsoft Visual Studio Solution File, Format Version 12.00
# Visual Studio Version 17
VisualStudioVersion = 17.4.33103.184
MinimumVisualStudioVersion = 10.0.40219.1
Project("{9A19103F-16F7-4668-BE54-9A1E7A4F7556}") = "ProyectoCrud", "ProyectoCrud\ProyectoCrud.csproj", "{7A06AD92-3F78-4ECF-9581-31A2944044C1}"
EndProject
Global
	GlobalSection(SolutionConfigurationPlatforms) = preSolution
		Debug|Any CPU = Debug|Any CPU
		Release|Any CPU = Release|Any CPU
	EndGlobalSection
	GlobalSection(ProjectConfigurationPlatforms) = postSolution
		{7A06AD92-3F78-4ECF-9581-31A2944044C1}.Debug|Any CPU.ActiveCfg = Debug|Any CPU
		{7A06AD92-3F78-4ECF-9581-31A2944044C1}.Debug|Any CPU.Build.0 = Debug|Any CPU
		{7A06AD92-3F78-4ECF-9581-31A2944044C1}.Release|Any CPU.ActiveCfg = Release|Any CPU
		{7A06AD92-3F78-4ECF-9581-31A2944044C1}.Release|Any CPU.Build.0 = Release|Any CPU
	EndGlobalSection
	GlobalSection(SolutionProperties) = preSolution
		HideSolutionNode = FALSE
	EndGlobalSection
	GlobalSection(ExtensibilityGlobals) = postSolution
		SolutionGuid = {5745BA37-11B5-474F-B856-F741C1842A64}
	EndGlobalSection
EndGlobal
